
Microsoft Visual Studio Solution File, Format Version 12.00
# Visual Studio Version 17
VisualStudioVersion = 17.0.32112.339
MinimumVisualStudioVersion = 10.0.40219.1
Project("{9A19103F-16F7-4668-BE54-9A1E7A4F7556}") = "UrlShortenerApplication", "UrlShortenerApplication\UrlShortenerApplication.csproj", "{D2C032EC-6F8A-488E-9DC3-DE85CB49C661}"
EndProject
Project("{FAE04EC0-301F-11D3-BF4B-00C04F79EFBC}") = "DomainModel", "DomainModel\DomainModel.csproj", "{8D6FD028-B5AE-4D71-96CB-61263E3E1521}"
EndProject
Project("{FAE04EC0-301F-11D3-BF4B-00C04F79EFBC}") = "Infrastracture", "Infrastracture\Infrastracture.csproj", "{1A819E86-DD54-4EC1-BE08-0F850A31E8F9}"
EndProject
Global
	GlobalSection(SolutionConfigurationPlatforms) = preSolution
		Debug|Any CPU = Debug|Any CPU
		Release|Any CPU = Release|Any CPU
	EndGlobalSection
	GlobalSection(ProjectConfigurationPlatforms) = postSolution
		{D2C032EC-6F8A-488E-9DC3-DE85CB49C661}.Debug|Any CPU.ActiveCfg = Debug|Any CPU
		{D2C032EC-6F8A-488E-9DC3-DE85CB49C661}.Debug|Any CPU.Build.0 = Debug|Any CPU
		{D2C032EC-6F8A-488E-9DC3-DE85CB49C661}.Release|Any CPU.ActiveCfg = Release|Any CPU
		{D2C032EC-6F8A-488E-9DC3-DE85CB49C661}.Release|Any CPU.Build.0 = Release|Any CPU
		{8D6FD028-B5AE-4D71-96CB-61263E3E1521}.Debug|Any CPU.ActiveCfg = Debug|Any CPU
		{8D6FD028-B5AE-4D71-96CB-61263E3E1521}.Debug|Any CPU.Build.0 = Debug|Any CPU
		{8D6FD028-B5AE-4D71-96CB-61263E3E1521}.Release|Any CPU.ActiveCfg = Release|Any CPU
		{8D6FD028-B5AE-4D71-96CB-61263E3E1521}.Release|Any CPU.Build.0 = Release|Any CPU
		{1A819E86-DD54-4EC1-BE08-0F850A31E8F9}.Debug|Any CPU.ActiveCfg = Debug|Any CPU
		{1A819E86-DD54-4EC1-BE08-0F850A31E8F9}.Debug|Any CPU.Build.0 = Debug|Any CPU
		{1A819E86-DD54-4EC1-BE08-0F850A31E8F9}.Release|Any CPU.ActiveCfg = Release|Any CPU
		{1A819E86-DD54-4EC1-BE08-0F850A31E8F9}.Release|Any CPU.Build.0 = Release|Any CPU
	EndGlobalSection
	GlobalSection(SolutionProperties) = preSolution
		HideSolutionNode = FALSE
	EndGlobalSection
	GlobalSection(ExtensibilityGlobals) = postSolution
		SolutionGuid = {F31E82FF-C736-4308-A4F3-8322152E771C}
	EndGlobalSection
EndGlobal
